// !$*UTF8*$!
{
	archiveVersion = 1;
	classes = {
	};
	objectVersion = 46;
	objects = {

/* Begin PBXAggregateTarget section */
		233E2C640A83C768005A62DF /* Build & Copy */ = {
			isa = PBXAggregateTarget;
			buildConfigurationList = 233E2D890A83C7AC005A62DF /* Build configuration list for PBXAggregateTarget "Build & Copy" */;
			buildPhases = (
				233E2C690A83C783005A62DF /* ShellScript */,
			);
			dependencies = (
				233E2C660A83C76D005A62DF /* PBXTargetDependency */,
			);
			name = "Build & Copy";
			productName = "Build & Install";
		};
/* End PBXAggregateTarget section */

/* Begin PBXBuildFile section */
		16BA95420A7EB2EB001E4983 /* v002ChannelMixerPlugIn.m in Sources */ = {isa = PBXBuildFile; fileRef = 16BA95410A7EB2EB001E4983 /* v002ChannelMixerPlugIn.m */; };
		16BA96310A7EB9AC001E4983 /* Quartz.framework in Frameworks */ = {isa = PBXBuildFile; fileRef = 16BA96300A7EB9AC001E4983 /* Quartz.framework */; };
		1B00627011AA0AA70083E55F /* v002LevelsPlugIn.m in Sources */ = {isa = PBXBuildFile; fileRef = 1B00626F11AA0AA70083E55F /* v002LevelsPlugIn.m */; };
		1B00627A11AA0E410083E55F /* v002.Levels.frag in CopyFiles */ = {isa = PBXBuildFile; fileRef = 1B00627111AA0D680083E55F /* v002.Levels.frag */; };
		1B00627B11AA0E410083E55F /* v002.Levels.vert in CopyFiles */ = {isa = PBXBuildFile; fileRef = 1B00627211AA0D710083E55F /* v002.Levels.vert */; };
		1B0062C911AA22130083E55F /* v002VibrancePlugIn.m in Sources */ = {isa = PBXBuildFile; fileRef = 1B0062C811AA22130083E55F /* v002VibrancePlugIn.m */; };
		1B0062E911AA28A10083E55F /* v002.Vibrance.frag in CopyFiles */ = {isa = PBXBuildFile; fileRef = 1B0062D711AA27100083E55F /* v002.Vibrance.frag */; };
		1B0062EA11AA28A10083E55F /* v002.Vibrance.vert in CopyFiles */ = {isa = PBXBuildFile; fileRef = 1B0062D811AA27160083E55F /* v002.Vibrance.vert */; };
		1B00639411AA4C4C0083E55F /* v002LocalContrastPlugIn.m in Sources */ = {isa = PBXBuildFile; fileRef = 1B00639311AA4C4C0083E55F /* v002LocalContrastPlugIn.m */; };
		1B00639711AA4C950083E55F /* v002.LocalContrast.vert in CopyFiles */ = {isa = PBXBuildFile; fileRef = 1B00639511AA4C910083E55F /* v002.LocalContrast.vert */; };
		1B00639811AA4C950083E55F /* v002.LocalContrast.frag in CopyFiles */ = {isa = PBXBuildFile; fileRef = 1B00639611AA4C910083E55F /* v002.LocalContrast.frag */; };
		1B20456911A9D5F200FB2ACD /* OpenGL.framework in Frameworks */ = {isa = PBXBuildFile; fileRef = 1B20456811A9D5F200FB2ACD /* OpenGL.framework */; };
		1B20458611A9D70700FB2ACD /* v002.ChannelMixer.frag in CopyFiles */ = {isa = PBXBuildFile; fileRef = 1B20452711A9CD2900FB2ACD /* v002.ChannelMixer.frag */; };
		1B20458711A9D70700FB2ACD /* v002.ChannelMixer.vert in CopyFiles */ = {isa = PBXBuildFile; fileRef = 1B20452811A9CD2900FB2ACD /* v002.ChannelMixer.vert */; };
		1BE07C2215520C2000D626F7 /* v002FBO.m in Sources */ = {isa = PBXBuildFile; fileRef = 1BE07C1C15520C2000D626F7 /* v002FBO.m */; };
		1BE07C2315520C2000D626F7 /* v002MasterPluginInterface.m in Sources */ = {isa = PBXBuildFile; fileRef = 1BE07C1E15520C2000D626F7 /* v002MasterPluginInterface.m */; };
		1BE07C2415520C2000D626F7 /* v002Shader.m in Sources */ = {isa = PBXBuildFile; fileRef = 1BE07C2015520C2000D626F7 /* v002Shader.m */; };
		8D5B49B4048680CD000E48DA /* Cocoa.framework in Frameworks */ = {isa = PBXBuildFile; fileRef = 1058C7ADFEA557BF11CA2CBB /* Cocoa.framework */; };
/* End PBXBuildFile section */

/* Begin PBXContainerItemProxy section */
		233E2C650A83C76D005A62DF /* PBXContainerItemProxy */ = {
			isa = PBXContainerItemProxy;
			containerPortal = 089C1669FE841209C02AAC07 /* Project object */;
			proxyType = 1;
			remoteGlobalIDString = 8D5B49AC048680CD000E48DA;
			remoteInfo = "v002 Color Correct";
		};
/* End PBXContainerItemProxy section */

/* Begin PBXCopyFilesBuildPhase section */
		1B20458F11A9D70A00FB2ACD /* CopyFiles */ = {
			isa = PBXCopyFilesBuildPhase;
			buildActionMask = 2147483647;
			dstPath = "";
			dstSubfolderSpec = 7;
			files = (
				1B00639711AA4C950083E55F /* v002.LocalContrast.vert in CopyFiles */,
				1B00639811AA4C950083E55F /* v002.LocalContrast.frag in CopyFiles */,
				1B0062E911AA28A10083E55F /* v002.Vibrance.frag in CopyFiles */,
				1B0062EA11AA28A10083E55F /* v002.Vibrance.vert in CopyFiles */,
				1B00627A11AA0E410083E55F /* v002.Levels.frag in CopyFiles */,
				1B00627B11AA0E410083E55F /* v002.Levels.vert in CopyFiles */,
				1B20458611A9D70700FB2ACD /* v002.ChannelMixer.frag in CopyFiles */,
				1B20458711A9D70700FB2ACD /* v002.ChannelMixer.vert in CopyFiles */,
			);
			runOnlyForDeploymentPostprocessing = 0;
		};
/* End PBXCopyFilesBuildPhase section */

/* Begin PBXFileReference section */
		1058C7ADFEA557BF11CA2CBB /* Cocoa.framework */ = {isa = PBXFileReference; lastKnownFileType = wrapper.framework; name = Cocoa.framework; path = /System/Library/Frameworks/Cocoa.framework; sourceTree = "<absolute>"; };
		16AA5C440A7EEE7300888E31 /* v002 Color Correct_Prefix.pch */ = {isa = PBXFileReference; fileEncoding = 30; lastKnownFileType = sourcecode.c.h; path = "v002 Color Correct_Prefix.pch"; sourceTree = "<group>"; };
		16BA95400A7EB2EB001E4983 /* v002ChannelMixerPlugIn.h */ = {isa = PBXFileReference; fileEncoding = 30; lastKnownFileType = sourcecode.c.h; path = v002ChannelMixerPlugIn.h; sourceTree = "<group>"; };
		16BA95410A7EB2EB001E4983 /* v002ChannelMixerPlugIn.m */ = {isa = PBXFileReference; fileEncoding = 30; lastKnownFileType = sourcecode.c.objc; path = v002ChannelMixerPlugIn.m; sourceTree = "<group>"; };
		16BA96300A7EB9AC001E4983 /* Quartz.framework */ = {isa = PBXFileReference; lastKnownFileType = wrapper.framework; name = Quartz.framework; path = /System/Library/Frameworks/Quartz.framework; sourceTree = "<absolute>"; };
		1B00626E11AA0AA70083E55F /* v002LevelsPlugIn.h */ = {isa = PBXFileReference; fileEncoding = 4; lastKnownFileType = sourcecode.c.h; path = v002LevelsPlugIn.h; sourceTree = "<group>"; };
		1B00626F11AA0AA70083E55F /* v002LevelsPlugIn.m */ = {isa = PBXFileReference; fileEncoding = 4; lastKnownFileType = sourcecode.c.objc; path = v002LevelsPlugIn.m; sourceTree = "<group>"; };
		1B00627111AA0D680083E55F /* v002.Levels.frag */ = {isa = PBXFileReference; fileEncoding = 4; lastKnownFileType = sourcecode.glsl; path = v002.Levels.frag; sourceTree = "<group>"; };
		1B00627211AA0D710083E55F /* v002.Levels.vert */ = {isa = PBXFileReference; fileEncoding = 4; lastKnownFileType = sourcecode.glsl; path = v002.Levels.vert; sourceTree = "<group>"; };
		1B0062C711AA22130083E55F /* v002VibrancePlugIn.h */ = {isa = PBXFileReference; fileEncoding = 4; lastKnownFileType = sourcecode.c.h; path = v002VibrancePlugIn.h; sourceTree = "<group>"; };
		1B0062C811AA22130083E55F /* v002VibrancePlugIn.m */ = {isa = PBXFileReference; fileEncoding = 4; lastKnownFileType = sourcecode.c.objc; path = v002VibrancePlugIn.m; sourceTree = "<group>"; };
		1B0062D711AA27100083E55F /* v002.Vibrance.frag */ = {isa = PBXFileReference; fileEncoding = 4; lastKnownFileType = sourcecode.glsl; path = v002.Vibrance.frag; sourceTree = "<group>"; };
		1B0062D811AA27160083E55F /* v002.Vibrance.vert */ = {isa = PBXFileReference; fileEncoding = 4; lastKnownFileType = sourcecode.glsl; path = v002.Vibrance.vert; sourceTree = "<group>"; };
		1B00639211AA4C4C0083E55F /* v002LocalContrastPlugIn.h */ = {isa = PBXFileReference; fileEncoding = 4; lastKnownFileType = sourcecode.c.h; path = v002LocalContrastPlugIn.h; sourceTree = "<group>"; };
		1B00639311AA4C4C0083E55F /* v002LocalContrastPlugIn.m */ = {isa = PBXFileReference; fileEncoding = 4; lastKnownFileType = sourcecode.c.objc; path = v002LocalContrastPlugIn.m; sourceTree = "<group>"; };
		1B00639511AA4C910083E55F /* v002.LocalContrast.vert */ = {isa = PBXFileReference; fileEncoding = 4; lastKnownFileType = sourcecode.glsl; path = v002.LocalContrast.vert; sourceTree = "<group>"; };
		1B00639611AA4C910083E55F /* v002.LocalContrast.frag */ = {isa = PBXFileReference; fileEncoding = 4; lastKnownFileType = sourcecode.glsl; path = v002.LocalContrast.frag; sourceTree = "<group>"; };
		1B20452711A9CD2900FB2ACD /* v002.ChannelMixer.frag */ = {isa = PBXFileReference; fileEncoding = 4; lastKnownFileType = sourcecode.glsl; path = v002.ChannelMixer.frag; sourceTree = "<group>"; };
		1B20452811A9CD2900FB2ACD /* v002.ChannelMixer.vert */ = {isa = PBXFileReference; fileEncoding = 4; lastKnownFileType = sourcecode.glsl; path = v002.ChannelMixer.vert; sourceTree = "<group>"; };
		1B20456811A9D5F200FB2ACD /* OpenGL.framework */ = {isa = PBXFileReference; lastKnownFileType = wrapper.framework; name = OpenGL.framework; path = System/Library/Frameworks/OpenGL.framework; sourceTree = SDKROOT; };
		1BE07C1915520C2000D626F7 /* icon.icns */ = {isa = PBXFileReference; lastKnownFileType = image.icns; path = icon.icns; sourceTree = "<group>"; };
		1BE07C1A15520C2000D626F7 /* README.md */ = {isa = PBXFileReference; fileEncoding = 4; lastKnownFileType = text; path = README.md; sourceTree = "<group>"; };
		1BE07C1B15520C2000D626F7 /* v002FBO.h */ = {isa = PBXFileReference; fileEncoding = 4; lastKnownFileType = sourcecode.c.h; path = v002FBO.h; sourceTree = "<group>"; };
		1BE07C1C15520C2000D626F7 /* v002FBO.m */ = {isa = PBXFileReference; fileEncoding = 4; lastKnownFileType = sourcecode.c.objc; path = v002FBO.m; sourceTree = "<group>"; };
		1BE07C1D15520C2000D626F7 /* v002MasterPluginInterface.h */ = {isa = PBXFileReference; fileEncoding = 4; lastKnownFileType = sourcecode.c.h; path = v002MasterPluginInterface.h; sourceTree = "<group>"; };
		1BE07C1E15520C2000D626F7 /* v002MasterPluginInterface.m */ = {isa = PBXFileReference; fileEncoding = 4; lastKnownFileType = sourcecode.c.objc; path = v002MasterPluginInterface.m; sourceTree = "<group>"; };
		1BE07C1F15520C2000D626F7 /* v002Shader.h */ = {isa = PBXFileReference; fileEncoding = 4; lastKnownFileType = sourcecode.c.h; path = v002Shader.h; sourceTree = "<group>"; };
		1BE07C2015520C2000D626F7 /* v002Shader.m */ = {isa = PBXFileReference; fileEncoding = 4; lastKnownFileType = sourcecode.c.objc; path = v002Shader.m; sourceTree = "<group>"; };
		1BE07C2115520C2000D626F7 /* v002UniqueClassNames.h */ = {isa = PBXFileReference; fileEncoding = 4; lastKnownFileType = sourcecode.c.h; path = v002UniqueClassNames.h; sourceTree = "<group>"; };
		8D5B49B6048680CD000E48DA /* v002 Color Controls.plugin */ = {isa = PBXFileReference; explicitFileType = wrapper.cfbundle; includeInIndex = 0; path = "v002 Color Controls.plugin"; sourceTree = BUILT_PRODUCTS_DIR; };
		8D5B49B7048680CD000E48DA /* Info.plist */ = {isa = PBXFileReference; fileEncoding = 4; lastKnownFileType = text.plist.xml; path = Info.plist; sourceTree = "<group>"; };
/* End PBXFileReference section */

/* Begin PBXFrameworksBuildPhase section */
		8D5B49B3048680CD000E48DA /* Frameworks */ = {
			isa = PBXFrameworksBuildPhase;
			buildActionMask = 2147483647;
			files = (
				8D5B49B4048680CD000E48DA /* Cocoa.framework in Frameworks */,
				16BA96310A7EB9AC001E4983 /* Quartz.framework in Frameworks */,
				1B20456911A9D5F200FB2ACD /* OpenGL.framework in Frameworks */,
			);
			runOnlyForDeploymentPostprocessing = 0;
		};
/* End PBXFrameworksBuildPhase section */

/* Begin PBXGroup section */
		089C166AFE841209C02AAC07 /* Quartz Composer Plug In */ = {
			isa = PBXGroup;
			children = (
				08FB77AFFE84173DC02AAC07 /* Classes */,
				32C88E010371C26100C91783 /* Other Sources */,
				089C167CFE841241C02AAC07 /* Resources */,
				089C1671FE841209C02AAC07 /* Frameworks */,
				19C28FB8FE9D52D311CA2CBB /* Products */,
			);
			name = "Quartz Composer Plug In";
			sourceTree = "<group>";
		};
		089C1671FE841209C02AAC07 /* Frameworks */ = {
			isa = PBXGroup;
			children = (
				16BA96300A7EB9AC001E4983 /* Quartz.framework */,
				1058C7ADFEA557BF11CA2CBB /* Cocoa.framework */,
				1B20456811A9D5F200FB2ACD /* OpenGL.framework */,
			);
			name = Frameworks;
			sourceTree = "<group>";
		};
		089C167CFE841241C02AAC07 /* Resources */ = {
			isa = PBXGroup;
			children = (
				1B00639511AA4C910083E55F /* v002.LocalContrast.vert */,
				1B00639611AA4C910083E55F /* v002.LocalContrast.frag */,
				1B20452711A9CD2900FB2ACD /* v002.ChannelMixer.frag */,
				1B20452811A9CD2900FB2ACD /* v002.ChannelMixer.vert */,
				1B00627111AA0D680083E55F /* v002.Levels.frag */,
				1B00627211AA0D710083E55F /* v002.Levels.vert */,
				1B0062D711AA27100083E55F /* v002.Vibrance.frag */,
				1B0062D811AA27160083E55F /* v002.Vibrance.vert */,
				8D5B49B7048680CD000E48DA /* Info.plist */,
			);
			name = Resources;
			sourceTree = "<group>";
		};
		08FB77AFFE84173DC02AAC07 /* Classes */ = {
			isa = PBXGroup;
			children = (
				1BE07C1815520C2000D626F7 /* v002 Utilities */,
				16BA95400A7EB2EB001E4983 /* v002ChannelMixerPlugIn.h */,
				16BA95410A7EB2EB001E4983 /* v002ChannelMixerPlugIn.m */,
				1B00626E11AA0AA70083E55F /* v002LevelsPlugIn.h */,
				1B00626F11AA0AA70083E55F /* v002LevelsPlugIn.m */,
				1B0062C711AA22130083E55F /* v002VibrancePlugIn.h */,
				1B0062C811AA22130083E55F /* v002VibrancePlugIn.m */,
				1B00639211AA4C4C0083E55F /* v002LocalContrastPlugIn.h */,
				1B00639311AA4C4C0083E55F /* v002LocalContrastPlugIn.m */,
			);
			name = Classes;
			sourceTree = "<group>";
		};
		19C28FB8FE9D52D311CA2CBB /* Products */ = {
			isa = PBXGroup;
			children = (
				8D5B49B6048680CD000E48DA /* v002 Color Controls.plugin */,
			);
			name = Products;
			sourceTree = "<group>";
		};
		1BE07C1815520C2000D626F7 /* v002 Utilities */ = {
			isa = PBXGroup;
			children = (
				1BE07C1915520C2000D626F7 /* icon.icns */,
				1BE07C1A15520C2000D626F7 /* README.md */,
				1BE07C1B15520C2000D626F7 /* v002FBO.h */,
				1BE07C1C15520C2000D626F7 /* v002FBO.m */,
				1BE07C1D15520C2000D626F7 /* v002MasterPluginInterface.h */,
				1BE07C1E15520C2000D626F7 /* v002MasterPluginInterface.m */,
				1BE07C1F15520C2000D626F7 /* v002Shader.h */,
				1BE07C2015520C2000D626F7 /* v002Shader.m */,
				1BE07C2115520C2000D626F7 /* v002UniqueClassNames.h */,
			);
			path = "v002 Utilities";
			sourceTree = "<group>";
		};
		32C88E010371C26100C91783 /* Other Sources */ = {
			isa = PBXGroup;
			children = (
				16AA5C440A7EEE7300888E31 /* v002 Color Correct_Prefix.pch */,
			);
			name = "Other Sources";
			sourceTree = "<group>";
		};
/* End PBXGroup section */

/* Begin PBXNativeTarget section */
		8D5B49AC048680CD000E48DA /* v002 Color Controls */ = {
			isa = PBXNativeTarget;
			buildConfigurationList = 1DEB913A08733D840010E9CD /* Build configuration list for PBXNativeTarget "v002 Color Controls" */;
			buildPhases = (
				8D5B49B1048680CD000E48DA /* Sources */,
				8D5B49B3048680CD000E48DA /* Frameworks */,
				1B20458F11A9D70A00FB2ACD /* CopyFiles */,
			);
			buildRules = (
			);
			dependencies = (
			);
			name = "v002 Color Controls";
			productInstallPath = "$(HOME)/Library/Bundles";
			productName = "Quartz Composer Plug In";
			productReference = 8D5B49B6048680CD000E48DA /* v002 Color Controls.plugin */;
			productType = "com.apple.product-type.bundle";
		};
/* End PBXNativeTarget section */

/* Begin PBXProject section */
		089C1669FE841209C02AAC07 /* Project object */ = {
			isa = PBXProject;
			attributes = {
				LastUpgradeCheck = 0430;
			};
			buildConfigurationList = 1DEB913E08733D840010E9CD /* Build configuration list for PBXProject "v002 Color Controls" */;
			compatibilityVersion = "Xcode 3.2";
			developmentRegion = English;
			hasScannedForEncodings = 1;
			knownRegions = (
				English,
				Japanese,
				French,
				German,
			);
			mainGroup = 089C166AFE841209C02AAC07 /* Quartz Composer Plug In */;
			projectDirPath = "";
			projectRoot = "";
			targets = (
				8D5B49AC048680CD000E48DA /* v002 Color Controls */,
				233E2C640A83C768005A62DF /* Build & Copy */,
			);
		};
/* End PBXProject section */

/* Begin PBXShellScriptBuildPhase section */
		233E2C690A83C783005A62DF /* ShellScript */ = {
			isa = PBXShellScriptBuildPhase;
			buildActionMask = 2147483647;
			files = (
			);
			inputPaths = (
			);
			outputPaths = (
			);
			runOnlyForDeploymentPostprocessing = 0;
			shellPath = /bin/sh;
			shellScript = "# This shell script simply copies the built plug-in to \"~/Library/Graphics/Quartz Composer Plug-Ins\" and overrides any previous version at that location\n\nmkdir -p \"$USER_LIBRARY_DIR/Graphics/Quartz Composer Plug-Ins\"\nrm -rf \"$USER_LIBRARY_DIR/Graphics/Quartz Composer Plug-Ins/v002 Color Controls.plugin\"\ncp -rf \"$BUILT_PRODUCTS_DIR/v002 Color Controls.plugin\" \"$USER_LIBRARY_DIR/Graphics/Quartz Composer Plug-Ins/\"\n";
		};
/* End PBXShellScriptBuildPhase section */

/* Begin PBXSourcesBuildPhase section */
		8D5B49B1048680CD000E48DA /* Sources */ = {
			isa = PBXSourcesBuildPhase;
			buildActionMask = 2147483647;
			files = (
				16BA95420A7EB2EB001E4983 /* v002ChannelMixerPlugIn.m in Sources */,
				1B00627011AA0AA70083E55F /* v002LevelsPlugIn.m in Sources */,
				1B0062C911AA22130083E55F /* v002VibrancePlugIn.m in Sources */,
				1B00639411AA4C4C0083E55F /* v002LocalContrastPlugIn.m in Sources */,
				1BE07C2215520C2000D626F7 /* v002FBO.m in Sources */,
				1BE07C2315520C2000D626F7 /* v002MasterPluginInterface.m in Sources */,
				1BE07C2415520C2000D626F7 /* v002Shader.m in Sources */,
			);
			runOnlyForDeploymentPostprocessing = 0;
		};
/* End PBXSourcesBuildPhase section */

/* Begin PBXTargetDependency section */
		233E2C660A83C76D005A62DF /* PBXTargetDependency */ = {
			isa = PBXTargetDependency;
			target = 8D5B49AC048680CD000E48DA /* v002 Color Controls */;
			targetProxy = 233E2C650A83C76D005A62DF /* PBXContainerItemProxy */;
		};
/* End PBXTargetDependency section */

/* Begin XCBuildConfiguration section */
		1DEB913B08733D840010E9CD /* Debug */ = {
			isa = XCBuildConfiguration;
			buildSettings = {
				COPY_PHASE_STRIP = NO;
				GCC_DYNAMIC_NO_PIC = NO;
				GCC_ENABLE_OBJC_GC = supported;
				GCC_MODEL_TUNING = G5;
				GCC_OPTIMIZATION_LEVEL = 0;
				GCC_PRECOMPILE_PREFIX_HEADER = YES;
				GCC_PREFIX_HEADER = "v002 Color Correct_Prefix.pch";
				GCC_PREPROCESSOR_DEFINITIONS = "V002_UNIQUE_CLASS_NAME_PREFIX=v002ColorControls";
				INFOPLIST_FILE = Info.plist;
				INSTALL_PATH = "$(HOME)/Library/Graphics/Quartz Composer Plug-Ins";
				MACOSX_DEPLOYMENT_TARGET = 10.6;
				PRODUCT_NAME = "v002 Color Controls";
				WRAPPER_EXTENSION = plugin;
				ZERO_LINK = YES;
			};
			name = Debug;
		};
		1DEB913C08733D840010E9CD /* Release */ = {
			isa = XCBuildConfiguration;
			buildSettings = {
				DEBUG_INFORMATION_FORMAT = "dwarf-with-dsym";
				GCC_ENABLE_OBJC_GC = supported;
				GCC_MODEL_TUNING = G5;
				GCC_PRECOMPILE_PREFIX_HEADER = YES;
				GCC_PREFIX_HEADER = "v002 Color Correct_Prefix.pch";
				GCC_PREPROCESSOR_DEFINITIONS = "V002_UNIQUE_CLASS_NAME_PREFIX=v002ColorControls";
				INFOPLIST_FILE = Info.plist;
				INSTALL_PATH = "$(HOME)/Library/Graphics/Quartz Composer Plug-Ins";
				MACOSX_DEPLOYMENT_TARGET = 10.6;
				PRODUCT_NAME = "v002 Color Controls";
				WRAPPER_EXTENSION = plugin;
			};
			name = Release;
		};
		1DEB913F08733D840010E9CD /* Debug */ = {
			isa = XCBuildConfiguration;
			buildSettings = {
				ARCHS = "$(ARCHS_STANDARD_32_64_BIT)";
				GCC_C_LANGUAGE_STANDARD = gnu99;
				GCC_WARN_ABOUT_RETURN_TYPE = YES;
				GCC_WARN_UNUSED_VARIABLE = YES;
				ONLY_ACTIVE_ARCH = YES;
				SDKROOT = macosx;
			};
			name = Debug;
		};
		1DEB914008733D840010E9CD /* Release */ = {
			isa = XCBuildConfiguration;
			buildSettings = {
				ARCHS = "$(ARCHS_STANDARD_32_64_BIT)";
				GCC_C_LANGUAGE_STANDARD = gnu99;
				GCC_WARN_ABOUT_RETURN_TYPE = YES;
				GCC_WARN_UNUSED_VARIABLE = YES;
				SDKROOT = macosx;
			};
			name = Release;
		};
		233E2D8A0A83C7AC005A62DF /* Debug */ = {
			isa = XCBuildConfiguration;
			buildSettings = {
				PRODUCT_NAME = "Build & Install";
			};
			name = Debug;
		};
		233E2D8B0A83C7AC005A62DF /* Release */ = {
			isa = XCBuildConfiguration;
			buildSettings = {
				PRODUCT_NAME = "Build & Install";
			};
			name = Release;
		};
/* End XCBuildConfiguration section */

/* Begin XCConfigurationList section */
		1DEB913A08733D840010E9CD /* Build configuration list for PBXNativeTarget "v002 Color Controls" */ = {
			isa = XCConfigurationList;
			buildConfigurations = (
				1DEB913B08733D840010E9CD /* Debug */,
				1DEB913C08733D840010E9CD /* Release */,
			);
			defaultConfigurationIsVisible = 0;
			defaultConfigurationName = Release;
		};
		1DEB913E08733D840010E9CD /* Build configuration list for PBXProject "v002 Color Controls" */ = {
			isa = XCConfigurationList;
			buildConfigurations = (
				1DEB913F08733D840010E9CD /* Debug */,
				1DEB914008733D840010E9CD /* Release */,
			);
			defaultConfigurationIsVisible = 0;
			defaultConfigurationName = Release;
		};
		233E2D890A83C7AC005A62DF /* Build configuration list for PBXAggregateTarget "Build & Copy" */ = {
			isa = XCConfigurationList;
			buildConfigurations = (
				233E2D8A0A83C7AC005A62DF /* Debug */,
				233E2D8B0A83C7AC005A62DF /* Release */,
			);
			defaultConfigurationIsVisible = 0;
			defaultConfigurationName = Release;
		};
/* End XCConfigurationList section */
	};
	rootObject = 089C1669FE841209C02AAC07 /* Project object */;
}
